
Microsoft Visual Studio Solution File, Format Version 12.00
# Visual Studio Version 16
VisualStudioVersion = 16.0.31005.135
MinimumVisualStudioVersion = 10.0.40219.1
Project("{9A19103F-16F7-4668-BE54-9A1E7A4F7556}") = "ChipSharp.Interpreter", "ChipSharp.Interpreter\ChipSharp.Interpreter.csproj", "{E5DAFD02-83E9-4077-8134-D1FD7B379D70}"
EndProject
Project("{9A19103F-16F7-4668-BE54-9A1E7A4F7556}") = "ChipSharp.UI", "ChipSharp.UI\ChipSharp.UI.csproj", "{A7125274-8B27-4443-BEF6-877D1C82BA1A}"
EndProject
Global
	GlobalSection(SolutionConfigurationPlatforms) = preSolution
		Debug|Any CPU = Debug|Any CPU
		Debug|x64 = Debug|x64
		Release|Any CPU = Release|Any CPU
		Release|x64 = Release|x64
	EndGlobalSection
	GlobalSection(ProjectConfigurationPlatforms) = postSolution
		{E5DAFD02-83E9-4077-8134-D1FD7B379D70}.Debug|Any CPU.ActiveCfg = Debug|Any CPU
		{E5DAFD02-83E9-4077-8134-D1FD7B379D70}.Debug|Any CPU.Build.0 = Debug|Any CPU
		{E5DAFD02-83E9-4077-8134-D1FD7B379D70}.Debug|x64.ActiveCfg = Debug|x64
		{E5DAFD02-83E9-4077-8134-D1FD7B379D70}.Debug|x64.Build.0 = Debug|x64
		{E5DAFD02-83E9-4077-8134-D1FD7B379D70}.Release|Any CPU.ActiveCfg = Release|Any CPU
		{E5DAFD02-83E9-4077-8134-D1FD7B379D70}.Release|Any CPU.Build.0 = Release|Any CPU
		{E5DAFD02-83E9-4077-8134-D1FD7B379D70}.Release|x64.ActiveCfg = Release|x64
		{E5DAFD02-83E9-4077-8134-D1FD7B379D70}.Release|x64.Build.0 = Release|x64
		{A7125274-8B27-4443-BEF6-877D1C82BA1A}.Debug|Any CPU.ActiveCfg = Debug|Any CPU
		{A7125274-8B27-4443-BEF6-877D1C82BA1A}.Debug|Any CPU.Build.0 = Debug|Any CPU
		{A7125274-8B27-4443-BEF6-877D1C82BA1A}.Debug|x64.ActiveCfg = Debug|x64
		{A7125274-8B27-4443-BEF6-877D1C82BA1A}.Debug|x64.Build.0 = Debug|x64
		{A7125274-8B27-4443-BEF6-877D1C82BA1A}.Release|Any CPU.ActiveCfg = Release|Any CPU
		{A7125274-8B27-4443-BEF6-877D1C82BA1A}.Release|Any CPU.Build.0 = Release|Any CPU
		{A7125274-8B27-4443-BEF6-877D1C82BA1A}.Release|x64.ActiveCfg = Release|x64
		{A7125274-8B27-4443-BEF6-877D1C82BA1A}.Release|x64.Build.0 = Release|x64
	EndGlobalSection
	GlobalSection(SolutionProperties) = preSolution
		HideSolutionNode = FALSE
	EndGlobalSection
	GlobalSection(ExtensibilityGlobals) = postSolution
		SolutionGuid = {3F354652-BB44-46D8-922B-2FD95A686A14}
	EndGlobalSection
EndGlobal
